// !$*UTF8*$!
{
	archiveVersion = 1;
	classes = {
	};
	objectVersion = 50;
	objects = {

/* Begin PBXBuildFile section */
		2ECD4B0025D7ABFD00E798A9 /* AppDelegate.swift in Sources */ = {isa = PBXBuildFile; fileRef = 2ECD4AFF25D7ABFD00E798A9 /* AppDelegate.swift */; };
		2ECD4B0225D7ABFD00E798A9 /* SceneDelegate.swift in Sources */ = {isa = PBXBuildFile; fileRef = 2ECD4B0125D7ABFD00E798A9 /* SceneDelegate.swift */; };
		2ECD4B0425D7ABFD00E798A9 /* ViewController.swift in Sources */ = {isa = PBXBuildFile; fileRef = 2ECD4B0325D7ABFD00E798A9 /* ViewController.swift */; };
		2ECD4B0725D7ABFD00E798A9 /* Main.storyboard in Resources */ = {isa = PBXBuildFile; fileRef = 2ECD4B0525D7ABFD00E798A9 /* Main.storyboard */; };
		2ECD4B0925D7ABFD00E798A9 /* Assets.xcassets in Resources */ = {isa = PBXBuildFile; fileRef = 2ECD4B0825D7ABFD00E798A9 /* Assets.xcassets */; };
		2ECD4B0C25D7ABFD00E798A9 /* LaunchScreen.storyboard in Resources */ = {isa = PBXBuildFile; fileRef = 2ECD4B0A25D7ABFD00E798A9 /* LaunchScreen.storyboard */; };
		BE50B248164FF1DD292204E5 /* Pods_SearchBar.framework in Frameworks */ = {isa = PBXBuildFile; fileRef = 2E23F79D88F2D69534B1C63D /* Pods_SearchBar.framework */; };
/* End PBXBuildFile section */

/* Begin PBXFileReference section */
		2E23F79D88F2D69534B1C63D /* Pods_SearchBar.framework */ = {isa = PBXFileReference; explicitFileType = wrapper.framework; includeInIndex = 0; path = Pods_SearchBar.framework; sourceTree = BUILT_PRODUCTS_DIR; };
		2ECD4AFC25D7ABFD00E798A9 /* SearchBar.app */ = {isa = PBXFileReference; explicitFileType = wrapper.application; includeInIndex = 0; path = SearchBar.app; sourceTree = BUILT_PRODUCTS_DIR; };
		2ECD4AFF25D7ABFD00E798A9 /* AppDelegate.swift */ = {isa = PBXFileReference; lastKnownFileType = sourcecode.swift; path = AppDelegate.swift; sourceTree = "<group>"; };
		2ECD4B0125D7ABFD00E798A9 /* SceneDelegate.swift */ = {isa = PBXFileReference; lastKnownFileType = sourcecode.swift; path = SceneDelegate.swift; sourceTree = "<group>"; };
		2ECD4B0325D7ABFD00E798A9 /* ViewController.swift */ = {isa = PBXFileReference; lastKnownFileType = sourcecode.swift; path = ViewController.swift; sourceTree = "<group>"; };
		2ECD4B0625D7ABFD00E798A9 /* Base */ = {isa = PBXFileReference; lastKnownFileType = file.storyboard; name = Base; path = Base.lproj/Main.storyboard; sourceTree = "<group>"; };
		2ECD4B0825D7ABFD00E798A9 /* Assets.xcassets */ = {isa = PBXFileReference; lastKnownFileType = folder.assetcatalog; path = Assets.xcassets; sourceTree = "<group>"; };
		2ECD4B0B25D7ABFD00E798A9 /* Base */ = {isa = PBXFileReference; lastKnownFileType = file.storyboard; name = Base; path = Base.lproj/LaunchScreen.storyboard; sourceTree = "<group>"; };
		2ECD4B0D25D7ABFD00E798A9 /* Info.plist */ = {isa = PBXFileReference; lastKnownFileType = text.plist.xml; path = Info.plist; sourceTree = "<group>"; };
		3C728D7A117022E9790C044F /* Pods-SearchBar.release.xcconfig */ = {isa = PBXFileReference; includeInIndex = 1; lastKnownFileType = text.xcconfig; name = "Pods-SearchBar.release.xcconfig"; path = "Target Support Files/Pods-SearchBar/Pods-SearchBar.release.xcconfig"; sourceTree = "<group>"; };
		B6F763D7012E259DFB24E927 /* Pods-SearchBar.debug.xcconfig */ = {isa = PBXFileReference; includeInIndex = 1; lastKnownFileType = text.xcconfig; name = "Pods-SearchBar.debug.xcconfig"; path = "Target Support Files/Pods-SearchBar/Pods-SearchBar.debug.xcconfig"; sourceTree = "<group>"; };
/* End PBXFileReference section */

/* Begin PBXFrameworksBuildPhase section */
		2ECD4AF925D7ABFD00E798A9 /* Frameworks */ = {
			isa = PBXFrameworksBuildPhase;
			buildActionMask = 2147483647;
			files = (
				BE50B248164FF1DD292204E5 /* Pods_SearchBar.framework in Frameworks */,
			);
			runOnlyForDeploymentPostprocessing = 0;
		};
/* End PBXFrameworksBuildPhase section */

/* Begin PBXGroup section */
		2ECD4AF325D7ABFD00E798A9 = {
			isa = PBXGroup;
			children = (
				2ECD4AFE25D7ABFD00E798A9 /* SearchBar */,
				2ECD4AFD25D7ABFD00E798A9 /* Products */,
				6CA43C9CFA26B5C20A7AE7EC /* Pods */,
				557081F106D78FE7E9DEA91D /* Frameworks */,
			);
			sourceTree = "<group>";
		};
		2ECD4AFD25D7ABFD00E798A9 /* Products */ = {
			isa = PBXGroup;
			children = (
				2ECD4AFC25D7ABFD00E798A9 /* SearchBar.app */,
			);
			name = Products;
			sourceTree = "<group>";
		};
		2ECD4AFE25D7ABFD00E798A9 /* SearchBar */ = {
			isa = PBXGroup;
			children = (
				2ECD4AFF25D7ABFD00E798A9 /* AppDelegate.swift */,
				2ECD4B0125D7ABFD00E798A9 /* SceneDelegate.swift */,
				2ECD4B0325D7ABFD00E798A9 /* ViewController.swift */,
				2ECD4B0525D7ABFD00E798A9 /* Main.storyboard */,
				2ECD4B0825D7ABFD00E798A9 /* Assets.xcassets */,
				2ECD4B0A25D7ABFD00E798A9 /* LaunchScreen.storyboard */,
				2ECD4B0D25D7ABFD00E798A9 /* Info.plist */,
			);
			path = SearchBar;
			sourceTree = "<group>";
		};
		557081F106D78FE7E9DEA91D /* Frameworks */ = {
			isa = PBXGroup;
			children = (
				2E23F79D88F2D69534B1C63D /* Pods_SearchBar.framework */,
			);
			name = Frameworks;
			sourceTree = "<group>";
		};
		6CA43C9CFA26B5C20A7AE7EC /* Pods */ = {
			isa = PBXGroup;
			children = (
				B6F763D7012E259DFB24E927 /* Pods-SearchBar.debug.xcconfig */,
				3C728D7A117022E9790C044F /* Pods-SearchBar.release.xcconfig */,
			);
			name = Pods;
			path = Pods;
			sourceTree = "<group>";
		};
/* End PBXGroup section */

/* Begin PBXNativeTarget section */
		2ECD4AFB25D7ABFD00E798A9 /* SearchBar */ = {
			isa = PBXNativeTarget;
			buildConfigurationList = 2ECD4B1025D7ABFD00E798A9 /* Build configuration list for PBXNativeTarget "SearchBar" */;
			buildPhases = (
				6678AF2C78A7B90EF84879BA /* [CP] Check Pods Manifest.lock */,
				2ECD4AF825D7ABFD00E798A9 /* Sources */,
				2ECD4AF925D7ABFD00E798A9 /* Frameworks */,
				2ECD4AFA25D7ABFD00E798A9 /* Resources */,
				12641BDC528CAF488023E953 /* [CP] Embed Pods Frameworks */,
			);
			buildRules = (
			);
			dependencies = (
			);
			name = SearchBar;
			productName = SearchBar;
			productReference = 2ECD4AFC25D7ABFD00E798A9 /* SearchBar.app */;
			productType = "com.apple.product-type.application";
		};
/* End PBXNativeTarget section */

/* Begin PBXProject section */
		2ECD4AF425D7ABFD00E798A9 /* Project object */ = {
			isa = PBXProject;
			attributes = {
				LastSwiftUpdateCheck = 1240;
				LastUpgradeCheck = 1240;
				TargetAttributes = {
					2ECD4AFB25D7ABFD00E798A9 = {
						CreatedOnToolsVersion = 12.4;
					};
				};
			};
			buildConfigurationList = 2ECD4AF725D7ABFD00E798A9 /* Build configuration list for PBXProject "SearchBar" */;
			compatibilityVersion = "Xcode 9.3";
			developmentRegion = en;
			hasScannedForEncodings = 0;
			knownRegions = (
				en,
				Base,
			);
			mainGroup = 2ECD4AF325D7ABFD00E798A9;
			productRefGroup = 2ECD4AFD25D7ABFD00E798A9 /* Products */;
			projectDirPath = "";
			projectRoot = "";
			targets = (
				2ECD4AFB25D7ABFD00E798A9 /* SearchBar */,
			);
		};
/* End PBXProject section */

/* Begin PBXResourcesBuildPhase section */
		2ECD4AFA25D7ABFD00E798A9 /* Resources */ = {
			isa = PBXResourcesBuildPhase;
			buildActionMask = 2147483647;
			files = (
				2ECD4B0C25D7ABFD00E798A9 /* LaunchScreen.storyboard in Resources */,
				2ECD4B0925D7ABFD00E798A9 /* Assets.xcassets in Resources */,
				2ECD4B0725D7ABFD00E798A9 /* Main.storyboard in Resources */,
			);
			runOnlyForDeploymentPostprocessing = 0;
		};
/* End PBXResourcesBuildPhase section */

/* Begin PBXShellScriptBuildPhase section */
		12641BDC528CAF488023E953 /* [CP] Embed Pods Frameworks */ = {
			isa = PBXShellScriptBuildPhase;
			buildActionMask = 2147483647;
			files = (
			);
			inputFileListPaths = (
				"${PODS_ROOT}/Target Support Files/Pods-SearchBar/Pods-SearchBar-frameworks-${CONFIGURATION}-input-files.xcfilelist",
			);
			name = "[CP] Embed Pods Frameworks";
			outputFileListPaths = (
				"${PODS_ROOT}/Target Support Files/Pods-SearchBar/Pods-SearchBar-frameworks-${CONFIGURATION}-output-files.xcfilelist",
			);
			runOnlyForDeploymentPostprocessing = 0;
			shellPath = /bin/sh;
			shellScript = "\"${PODS_ROOT}/Target Support Files/Pods-SearchBar/Pods-SearchBar-frameworks.sh\"\n";
			showEnvVarsInLog = 0;
		};
		6678AF2C78A7B90EF84879BA /* [CP] Check Pods Manifest.lock */ = {
			isa = PBXShellScriptBuildPhase;
			buildActionMask = 2147483647;
			files = (
			);
			inputFileListPaths = (
			);
			inputPaths = (
				"${PODS_PODFILE_DIR_PATH}/Podfile.lock",
				"${PODS_ROOT}/Manifest.lock",
			);
			name = "[CP] Check Pods Manifest.lock";
			outputFileListPaths = (
			);
			outputPaths = (
				"$(DERIVED_FILE_DIR)/Pods-SearchBar-checkManifestLockResult.txt",
			);
			runOnlyForDeploymentPostprocessing = 0;
			shellPath = /bin/sh;
			shellScript = "diff \"${PODS_PODFILE_DIR_PATH}/Podfile.lock\" \"${PODS_ROOT}/Manifest.lock\" > /dev/null\nif [ $? != 0 ] ; then\n    # print error to STDERR\n    echo \"error: The sandbox is not in sync with the Podfile.lock. Run 'pod install' or update your CocoaPods installation.\" >&2\n    exit 1\nfi\n# This output is used by Xcode 'outputs' to avoid re-running this script phase.\necho \"SUCCESS\" > \"${SCRIPT_OUTPUT_FILE_0}\"\n";
			showEnvVarsInLog = 0;
		};
/* End PBXShellScriptBuildPhase section */

/* Begin PBXSourcesBuildPhase section */
		2ECD4AF825D7ABFD00E798A9 /* Sources */ = {
			isa = PBXSourcesBuildPhase;
			buildActionMask = 2147483647;
			files = (
				2ECD4B0425D7ABFD00E798A9 /* ViewController.swift in Sources */,
				2ECD4B0025D7ABFD00E798A9 /* AppDelegate.swift in Sources */,
				2ECD4B0225D7ABFD00E798A9 /* SceneDelegate.swift in Sources */,
			);
			runOnlyForDeploymentPostprocessing = 0;
		};
/* End PBXSourcesBuildPhase section */

/* Begin PBXVariantGroup section */
		2ECD4B0525D7ABFD00E798A9 /* Main.storyboard */ = {
			isa = PBXVariantGroup;
			children = (
				2ECD4B0625D7ABFD00E798A9 /* Base */,
			);
			name = Main.storyboard;
			sourceTree = "<group>";
		};
		2ECD4B0A25D7ABFD00E798A9 /* LaunchScreen.storyboard */ = {
			isa = PBXVariantGroup;
			children = (
				2ECD4B0B25D7ABFD00E798A9 /* Base */,
			);
			name = LaunchScreen.storyboard;
			sourceTree = "<group>";
		};
/* End PBXVariantGroup section */

/* Begin XCBuildConfiguration section */
		2ECD4B0E25D7ABFD00E798A9 /* Debug */ = {
			isa = XCBuildConfiguration;
			buildSettings = {
				ALWAYS_SEARCH_USER_PATHS = NO;
				CLANG_ANALYZER_NONNULL = YES;
				CLANG_ANALYZER_NUMBER_OBJECT_CONVERSION = YES_AGGRESSIVE;
				CLANG_CXX_LANGUAGE_STANDARD = "gnu++14";
				CLANG_CXX_LIBRARY = "libc++";
				CLANG_ENABLE_MODULES = YES;
				CLANG_ENABLE_OBJC_ARC = YES;
				CLANG_ENABLE_OBJC_WEAK = YES;
				CLANG_WARN_BLOCK_CAPTURE_AUTORELEASING = YES;
				CLANG_WARN_BOOL_CONVERSION = YES;
				CLANG_WARN_COMMA = YES;
				CLANG_WARN_CONSTANT_CONVERSION = YES;
				CLANG_WARN_DEPRECATED_OBJC_IMPLEMENTATIONS = YES;
				CLANG_WARN_DIRECT_OBJC_ISA_USAGE = YES_ERROR;
				CLANG_WARN_DOCUMENTATION_COMMENTS = YES;
				CLANG_WARN_EMPTY_BODY = YES;
				CLANG_WARN_ENUM_CONVERSION = YES;
				CLANG_WARN_INFINITE_RECURSION = YES;
				CLANG_WARN_INT_CONVERSION = YES;
				CLANG_WARN_NON_LITERAL_NULL_CONVERSION = YES;
				CLANG_WARN_OBJC_IMPLICIT_RETAIN_SELF = YES;
				CLANG_WARN_OBJC_LITERAL_CONVERSION = YES;
				CLANG_WARN_OBJC_ROOT_CLASS = YES_ERROR;
				CLANG_WARN_QUOTED_INCLUDE_IN_FRAMEWORK_HEADER = YES;
				CLANG_WARN_RANGE_LOOP_ANALYSIS = YES;
				CLANG_WARN_STRICT_PROTOTYPES = YES;
				CLANG_WARN_SUSPICIOUS_MOVE = YES;
				CLANG_WARN_UNGUARDED_AVAILABILITY = YES_AGGRESSIVE;
				CLANG_WARN_UNREACHABLE_CODE = YES;
				CLANG_WARN__DUPLICATE_METHOD_MATCH = YES;
				COPY_PHASE_STRIP = NO;
				DEBUG_INFORMATION_FORMAT = dwarf;
				ENABLE_STRICT_OBJC_MSGSEND = YES;
				ENABLE_TESTABILITY = YES;
				GCC_C_LANGUAGE_STANDARD = gnu11;
				GCC_DYNAMIC_NO_PIC = NO;
				GCC_NO_COMMON_BLOCKS = YES;
				GCC_OPTIMIZATION_LEVEL = 0;
				GCC_PREPROCESSOR_DEFINITIONS = (
					"DEBUG=1",
					"$(inherited)",
				);
				GCC_WARN_64_TO_32_BIT_CONVERSION = YES;
				GCC_WARN_ABOUT_RETURN_TYPE = YES_ERROR;
				GCC_WARN_UNDECLARED_SELECTOR = YES;
				GCC_WARN_UNINITIALIZED_AUTOS = YES_AGGRESSIVE;
				GCC_WARN_UNUSED_FUNCTION = YES;
				GCC_WARN_UNUSED_VARIABLE = YES;
				IPHONEOS_DEPLOYMENT_TARGET = 14.4;
				MTL_ENABLE_DEBUG_INFO = INCLUDE_SOURCE;
				MTL_FAST_MATH = YES;
				ONLY_ACTIVE_ARCH = YES;
				SDKROOT = iphoneos;
				SWIFT_ACTIVE_COMPILATION_CONDITIONS = DEBUG;
				SWIFT_OPTIMIZATION_LEVEL = "-Onone";
			};
			name = Debug;
		};
		2ECD4B0F25D7ABFD00E798A9 /* Release */ = {
			isa = XCBuildConfiguration;
			buildSettings = {
				ALWAYS_SEARCH_USER_PATHS = NO;
				CLANG_ANALYZER_NONNULL = YES;
				CLANG_ANALYZER_NUMBER_OBJECT_CONVERSION = YES_AGGRESSIVE;
				CLANG_CXX_LANGUAGE_STANDARD = "gnu++14";
				CLANG_CXX_LIBRARY = "libc++";
				CLANG_ENABLE_MODULES = YES;
				CLANG_ENABLE_OBJC_ARC = YES;
				CLANG_ENABLE_OBJC_WEAK = YES;
				CLANG_WARN_BLOCK_CAPTURE_AUTORELEASING = YES;
				CLANG_WARN_BOOL_CONVERSION = YES;
				CLANG_WARN_COMMA = YES;
				CLANG_WARN_CONSTANT_CONVERSION = YES;
				CLANG_WARN_DEPRECATED_OBJC_IMPLEMENTATIONS = YES;
				CLANG_WARN_DIRECT_OBJC_ISA_USAGE = YES_ERROR;
				CLANG_WARN_DOCUMENTATION_COMMENTS = YES;
				CLANG_WARN_EMPTY_BODY = YES;
				CLANG_WARN_ENUM_CONVERSION = YES;
				CLANG_WARN_INFINITE_RECURSION = YES;
				CLANG_WARN_INT_CONVERSION = YES;
				CLANG_WARN_NON_LITERAL_NULL_CONVERSION = YES;
				CLANG_WARN_OBJC_IMPLICIT_RETAIN_SELF = YES;
				CLANG_WARN_OBJC_LITERAL_CONVERSION = YES;
				CLANG_WARN_OBJC_ROOT_CLASS = YES_ERROR;
				CLANG_WARN_QUOTED_INCLUDE_IN_FRAMEWORK_HEADER = YES;
				CLANG_WARN_RANGE_LOOP_ANALYSIS = YES;
				CLANG_WARN_STRICT_PROTOTYPES = YES;
				CLANG_WARN_SUSPICIOUS_MOVE = YES;
				CLANG_WARN_UNGUARDED_AVAILABILITY = YES_AGGRESSIVE;
				CLANG_WARN_UNREACHABLE_CODE = YES;
				CLANG_WARN__DUPLICATE_METHOD_MATCH = YES;
				COPY_PHASE_STRIP = NO;
				DEBUG_INFORMATION_FORMAT = "dwarf-with-dsym";
				ENABLE_NS_ASSERTIONS = NO;
				ENABLE_STRICT_OBJC_MSGSEND = YES;
				GCC_C_LANGUAGE_STANDARD = gnu11;
				GCC_NO_COMMON_BLOCKS = YES;
				GCC_WARN_64_TO_32_BIT_CONVERSION = YES;
				GCC_WARN_ABOUT_RETURN_TYPE = YES_ERROR;
				GCC_WARN_UNDECLARED_SELECTOR = YES;
				GCC_WARN_UNINITIALIZED_AUTOS = YES_AGGRESSIVE;
				GCC_WARN_UNUSED_FUNCTION = YES;
				GCC_WARN_UNUSED_VARIABLE = YES;
				IPHONEOS_DEPLOYMENT_TARGET = 14.4;
				MTL_ENABLE_DEBUG_INFO = NO;
				MTL_FAST_MATH = YES;
				SDKROOT = iphoneos;
				SWIFT_COMPILATION_MODE = wholemodule;
				SWIFT_OPTIMIZATION_LEVEL = "-O";
				VALIDATE_PRODUCT = YES;
			};
			name = Release;
		};
		2ECD4B1125D7ABFD00E798A9 /* Debug */ = {
			isa = XCBuildConfiguration;
			baseConfigurationReference = B6F763D7012E259DFB24E927 /* Pods-SearchBar.debug.xcconfig */;
			buildSettings = {
				ASSETCATALOG_COMPILER_APPICON_NAME = AppIcon;
				ASSETCATALOG_COMPILER_GLOBAL_ACCENT_COLOR_NAME = AccentColor;
				CODE_SIGN_STYLE = Automatic;
				DEVELOPMENT_TEAM = UV36497CVB;
				INFOPLIST_FILE = SearchBar/Info.plist;
				LD_RUNPATH_SEARCH_PATHS = (
					"$(inherited)",
					"@executable_path/Frameworks",
				);
				PRODUCT_BUNDLE_IDENTIFIER = com.epiens.SearchBar;
				PRODUCT_NAME = "$(TARGET_NAME)";
				SWIFT_VERSION = 5.0;
				TARGETED_DEVICE_FAMILY = "1,2";
			};
			name = Debug;
		};
		2ECD4B1225D7ABFD00E798A9 /* Release */ = {
			isa = XCBuildConfiguration;
			baseConfigurationReference = 3C728D7A117022E9790C044F /* Pods-SearchBar.release.xcconfig */;
			buildSettings = {
				ASSETCATALOG_COMPILER_APPICON_NAME = AppIcon;
				ASSETCATALOG_COMPILER_GLOBAL_ACCENT_COLOR_NAME = AccentColor;
				CODE_SIGN_STYLE = Automatic;
				DEVELOPMENT_TEAM = UV36497CVB;
				INFOPLIST_FILE = SearchBar/Info.plist;
				LD_RUNPATH_SEARCH_PATHS = (
					"$(inherited)",
					"@executable_path/Frameworks",
				);
				PRODUCT_BUNDLE_IDENTIFIER = com.epiens.SearchBar;
				PRODUCT_NAME = "$(TARGET_NAME)";
				SWIFT_VERSION = 5.0;
				TARGETED_DEVICE_FAMILY = "1,2";
			};
			name = Release;
		};
/* End XCBuildConfiguration section */

/* Begin XCConfigurationList section */
		2ECD4AF725D7ABFD00E798A9 /* Build configuration list for PBXProject "SearchBar" */ = {
			isa = XCConfigurationList;
			buildConfigurations = (
				2ECD4B0E25D7ABFD00E798A9 /* Debug */,
				2ECD4B0F25D7ABFD00E798A9 /* Release */,
			);
			defaultConfigurationIsVisible = 0;
			defaultConfigurationName = Release;
		};
		2ECD4B1025D7ABFD00E798A9 /* Build configuration list for PBXNativeTarget "SearchBar" */ = {
			isa = XCConfigurationList;
			buildConfigurations = (
				2ECD4B1125D7ABFD00E798A9 /* Debug */,
				2ECD4B1225D7ABFD00E798A9 /* Release */,
			);
			defaultConfigurationIsVisible = 0;
			defaultConfigurationName = Release;
		};
/* End XCConfigurationList section */
	};
	rootObject = 2ECD4AF425D7ABFD00E798A9 /* Project object */;
}
